
Microsoft Visual Studio Solution File, Format Version 12.00
# Visual Studio Version 17
VisualStudioVersion = 17.1.31928.29
MinimumVisualStudioVersion = 10.0.40219.1
Project("{9A19103F-16F7-4668-BE54-9A1E7A4F7556}") = "FontInstaller", "FontInstaller\FontInstaller.csproj", "{0E7972EE-1E42-4652-B4A5-49DE14F3CE1C}"
EndProject
Project("{FAE04EC0-301F-11D3-BF4B-00C04F79EFBC}") = "FontInstallerTests", "FontInstallerTests\FontInstallerTests.csproj", "{9AC89615-BB83-4081-A8CD-40659BD5C64A}"
EndProject
Global
	GlobalSection(SolutionConfigurationPlatforms) = preSolution
		Debug|Any CPU = Debug|Any CPU
		Release|Any CPU = Release|Any CPU
	EndGlobalSection
	GlobalSection(ProjectConfigurationPlatforms) = postSolution
		{0E7972EE-1E42-4652-B4A5-49DE14F3CE1C}.Debug|Any CPU.ActiveCfg = Debug|Any CPU
		{0E7972EE-1E42-4652-B4A5-49DE14F3CE1C}.Debug|Any CPU.Build.0 = Debug|Any CPU
		{0E7972EE-1E42-4652-B4A5-49DE14F3CE1C}.Release|Any CPU.ActiveCfg = Release|Any CPU
		{0E7972EE-1E42-4652-B4A5-49DE14F3CE1C}.Release|Any CPU.Build.0 = Release|Any CPU
		{9AC89615-BB83-4081-A8CD-40659BD5C64A}.Debug|Any CPU.ActiveCfg = Debug|Any CPU
		{9AC89615-BB83-4081-A8CD-40659BD5C64A}.Debug|Any CPU.Build.0 = Debug|Any CPU
		{9AC89615-BB83-4081-A8CD-40659BD5C64A}.Release|Any CPU.ActiveCfg = Release|Any CPU
		{9AC89615-BB83-4081-A8CD-40659BD5C64A}.Release|Any CPU.Build.0 = Release|Any CPU
	EndGlobalSection
	GlobalSection(SolutionProperties) = preSolution
		HideSolutionNode = FALSE
	EndGlobalSection
	GlobalSection(ExtensibilityGlobals) = postSolution
		SolutionGuid = {2EF5F361-A3E2-4A96-A48A-F9BBEDBE31D2}
	EndGlobalSection
EndGlobal
